
Microsoft Visual Studio Solution File, Format Version 12.00
# Visual Studio Version 16
VisualStudioVersion = 16.0.29709.97
MinimumVisualStudioVersion = 15.0.26124.0
Project("{9A19103F-16F7-4668-BE54-9A1E7A4F7556}") = "JSend", "JSend\JSend.csproj", "{E8902C80-E731-4C61-BA24-1947F0B9B4A7}"
EndProject
Project("{2150E333-8FDC-42A3-9474-1A3956D46DE8}") = "Solution Items", "Solution Items", "{85210117-F62E-4930-9DB5-338976EE393A}"
	ProjectSection(SolutionItems) = preProject
		LICENSE.md = LICENSE.md
		push.cmd = push.cmd
		README.cn.md = README.cn.md
		README.md = README.md
	EndProjectSection
EndProject
Project("{9A19103F-16F7-4668-BE54-9A1E7A4F7556}") = "JSend.Tests", "JSend.Tests\JSend.Tests.csproj", "{B0867B35-E76C-4ADF-9BA9-7737A9206FC7}"
EndProject
Global
	GlobalSection(SolutionConfigurationPlatforms) = preSolution
		Debug|Any CPU = Debug|Any CPU
		Debug|x64 = Debug|x64
		Debug|x86 = Debug|x86
		Release|Any CPU = Release|Any CPU
		Release|x64 = Release|x64
		Release|x86 = Release|x86
	EndGlobalSection
	GlobalSection(ProjectConfigurationPlatforms) = postSolution
		{E8902C80-E731-4C61-BA24-1947F0B9B4A7}.Debug|Any CPU.ActiveCfg = Debug|Any CPU
		{E8902C80-E731-4C61-BA24-1947F0B9B4A7}.Debug|Any CPU.Build.0 = Debug|Any CPU
		{E8902C80-E731-4C61-BA24-1947F0B9B4A7}.Debug|x64.ActiveCfg = Debug|Any CPU
		{E8902C80-E731-4C61-BA24-1947F0B9B4A7}.Debug|x64.Build.0 = Debug|Any CPU
		{E8902C80-E731-4C61-BA24-1947F0B9B4A7}.Debug|x86.ActiveCfg = Debug|Any CPU
		{E8902C80-E731-4C61-BA24-1947F0B9B4A7}.Debug|x86.Build.0 = Debug|Any CPU
		{E8902C80-E731-4C61-BA24-1947F0B9B4A7}.Release|Any CPU.ActiveCfg = Release|Any CPU
		{E8902C80-E731-4C61-BA24-1947F0B9B4A7}.Release|Any CPU.Build.0 = Release|Any CPU
		{E8902C80-E731-4C61-BA24-1947F0B9B4A7}.Release|x64.ActiveCfg = Release|Any CPU
		{E8902C80-E731-4C61-BA24-1947F0B9B4A7}.Release|x64.Build.0 = Release|Any CPU
		{E8902C80-E731-4C61-BA24-1947F0B9B4A7}.Release|x86.ActiveCfg = Release|Any CPU
		{E8902C80-E731-4C61-BA24-1947F0B9B4A7}.Release|x86.Build.0 = Release|Any CPU
		{B0867B35-E76C-4ADF-9BA9-7737A9206FC7}.Debug|Any CPU.ActiveCfg = Debug|Any CPU
		{B0867B35-E76C-4ADF-9BA9-7737A9206FC7}.Debug|Any CPU.Build.0 = Debug|Any CPU
		{B0867B35-E76C-4ADF-9BA9-7737A9206FC7}.Debug|x64.ActiveCfg = Debug|Any CPU
		{B0867B35-E76C-4ADF-9BA9-7737A9206FC7}.Debug|x64.Build.0 = Debug|Any CPU
		{B0867B35-E76C-4ADF-9BA9-7737A9206FC7}.Debug|x86.ActiveCfg = Debug|Any CPU
		{B0867B35-E76C-4ADF-9BA9-7737A9206FC7}.Debug|x86.Build.0 = Debug|Any CPU
		{B0867B35-E76C-4ADF-9BA9-7737A9206FC7}.Release|Any CPU.ActiveCfg = Release|Any CPU
		{B0867B35-E76C-4ADF-9BA9-7737A9206FC7}.Release|Any CPU.Build.0 = Release|Any CPU
		{B0867B35-E76C-4ADF-9BA9-7737A9206FC7}.Release|x64.ActiveCfg = Release|Any CPU
		{B0867B35-E76C-4ADF-9BA9-7737A9206FC7}.Release|x64.Build.0 = Release|Any CPU
		{B0867B35-E76C-4ADF-9BA9-7737A9206FC7}.Release|x86.ActiveCfg = Release|Any CPU
		{B0867B35-E76C-4ADF-9BA9-7737A9206FC7}.Release|x86.Build.0 = Release|Any CPU
	EndGlobalSection
	GlobalSection(SolutionProperties) = preSolution
		HideSolutionNode = FALSE
	EndGlobalSection
	GlobalSection(ExtensibilityGlobals) = postSolution
		SolutionGuid = {97BECC88-0178-4444-90D9-1A4BD6DE4969}
	EndGlobalSection
EndGlobal
